// !$*UTF8*$!
{
	archiveVersion = 1;
	classes = {
	};
	objectVersion = 56;
	objects = {

/* Begin PBXBuildFile section */
		D8027DB92A09138D00F01C99 /* landmarkData.json in Resources */ = {isa = PBXBuildFile; fileRef = D8027DB82A09138D00F01C99 /* landmarkData.json */; };
		D8027DBB2A09144C00F01C99 /* Landmark.swift in Sources */ = {isa = PBXBuildFile; fileRef = D8027DBA2A09144C00F01C99 /* Landmark.swift */; };
		D8027DBD2A0AA31400F01C99 /* ModelData.swift in Sources */ = {isa = PBXBuildFile; fileRef = D8027DBC2A0AA31400F01C99 /* ModelData.swift */; };
		D8027DC22A0B852700F01C99 /* LandmarkRow.swift in Sources */ = {isa = PBXBuildFile; fileRef = D8027DC12A0B852700F01C99 /* LandmarkRow.swift */; };
		D84BCE562A0611D9005A21AA /* LandmarksApp.swift in Sources */ = {isa = PBXBuildFile; fileRef = D84BCE552A0611D9005A21AA /* LandmarksApp.swift */; };
		D84BCE582A0611D9005A21AA /* ContentView.swift in Sources */ = {isa = PBXBuildFile; fileRef = D84BCE572A0611D9005A21AA /* ContentView.swift */; };
		D84BCE5A2A0611DA005A21AA /* Assets.xcassets in Resources */ = {isa = PBXBuildFile; fileRef = D84BCE592A0611DA005A21AA /* Assets.xcassets */; };
		D84BCE5D2A0611DA005A21AA /* Preview Assets.xcassets in Resources */ = {isa = PBXBuildFile; fileRef = D84BCE5C2A0611DA005A21AA /* Preview Assets.xcassets */; };
		D8EEEB7C2A07FEF00099C54B /* CircleImage.swift in Sources */ = {isa = PBXBuildFile; fileRef = D8EEEB7B2A07FEF00099C54B /* CircleImage.swift */; };
		D8EEEB7E2A0802380099C54B /* MapView.swift in Sources */ = {isa = PBXBuildFile; fileRef = D8EEEB7D2A0802380099C54B /* MapView.swift */; };
/* End PBXBuildFile section */

/* Begin PBXFileReference section */
		D8027DB82A09138D00F01C99 /* landmarkData.json */ = {isa = PBXFileReference; fileEncoding = 4; lastKnownFileType = text.json; path = landmarkData.json; sourceTree = "<group>"; };
		D8027DBA2A09144C00F01C99 /* Landmark.swift */ = {isa = PBXFileReference; lastKnownFileType = sourcecode.swift; path = Landmark.swift; sourceTree = "<group>"; };
		D8027DBC2A0AA31400F01C99 /* ModelData.swift */ = {isa = PBXFileReference; lastKnownFileType = sourcecode.swift; path = ModelData.swift; sourceTree = "<group>"; };
		D8027DC12A0B852700F01C99 /* LandmarkRow.swift */ = {isa = PBXFileReference; lastKnownFileType = sourcecode.swift; path = LandmarkRow.swift; sourceTree = "<group>"; };
		D84BCE522A0611D9005A21AA /* Landmarks.app */ = {isa = PBXFileReference; explicitFileType = wrapper.application; includeInIndex = 0; path = Landmarks.app; sourceTree = BUILT_PRODUCTS_DIR; };
		D84BCE552A0611D9005A21AA /* LandmarksApp.swift */ = {isa = PBXFileReference; lastKnownFileType = sourcecode.swift; path = LandmarksApp.swift; sourceTree = "<group>"; };
		D84BCE572A0611D9005A21AA /* ContentView.swift */ = {isa = PBXFileReference; lastKnownFileType = sourcecode.swift; path = ContentView.swift; sourceTree = "<group>"; };
		D84BCE592A0611DA005A21AA /* Assets.xcassets */ = {isa = PBXFileReference; lastKnownFileType = folder.assetcatalog; path = Assets.xcassets; sourceTree = "<group>"; };
		D84BCE5C2A0611DA005A21AA /* Preview Assets.xcassets */ = {isa = PBXFileReference; lastKnownFileType = folder.assetcatalog; path = "Preview Assets.xcassets"; sourceTree = "<group>"; };
		D8EEEB7B2A07FEF00099C54B /* CircleImage.swift */ = {isa = PBXFileReference; lastKnownFileType = sourcecode.swift; path = CircleImage.swift; sourceTree = "<group>"; };
		D8EEEB7D2A0802380099C54B /* MapView.swift */ = {isa = PBXFileReference; lastKnownFileType = sourcecode.swift; path = MapView.swift; sourceTree = "<group>"; };
/* End PBXFileReference section */

/* Begin PBXFrameworksBuildPhase section */
		D84BCE4F2A0611D9005A21AA /* Frameworks */ = {
			isa = PBXFrameworksBuildPhase;
			buildActionMask = 2147483647;
			files = (
			);
			runOnlyForDeploymentPostprocessing = 0;
		};
/* End PBXFrameworksBuildPhase section */

/* Begin PBXGroup section */
		D8027DBE2A0B821000F01C99 /* Views */ = {
			isa = PBXGroup;
			children = (
				D8EEEB7B2A07FEF00099C54B /* CircleImage.swift */,
				D8EEEB7D2A0802380099C54B /* MapView.swift */,
				D84BCE572A0611D9005A21AA /* ContentView.swift */,
				D8027DC12A0B852700F01C99 /* LandmarkRow.swift */,
			);
			path = Views;
			sourceTree = "<group>";
		};
		D8027DBF2A0B823200F01C99 /* Resources */ = {
			isa = PBXGroup;
			children = (
				D8027DB82A09138D00F01C99 /* landmarkData.json */,
			);
			path = Resources;
			sourceTree = "<group>";
		};
		D8027DC02A0B824E00F01C99 /* Model */ = {
			isa = PBXGroup;
			children = (
				D8027DBC2A0AA31400F01C99 /* ModelData.swift */,
				D8027DBA2A09144C00F01C99 /* Landmark.swift */,
			);
			path = Model;
			sourceTree = "<group>";
		};
		D84BCE492A0611D9005A21AA = {
			isa = PBXGroup;
			children = (
				D84BCE542A0611D9005A21AA /* Landmarks */,
				D84BCE532A0611D9005A21AA /* Products */,
			);
			sourceTree = "<group>";
		};
		D84BCE532A0611D9005A21AA /* Products */ = {
			isa = PBXGroup;
			children = (
				D84BCE522A0611D9005A21AA /* Landmarks.app */,
			);
			name = Products;
			sourceTree = "<group>";
		};
		D84BCE542A0611D9005A21AA /* Landmarks */ = {
			isa = PBXGroup;
			children = (
				D84BCE552A0611D9005A21AA /* LandmarksApp.swift */,
				D8027DC02A0B824E00F01C99 /* Model */,
				D8027DBF2A0B823200F01C99 /* Resources */,
				D8027DBE2A0B821000F01C99 /* Views */,
				D84BCE592A0611DA005A21AA /* Assets.xcassets */,
				D84BCE5B2A0611DA005A21AA /* Preview Content */,
			);
			path = Landmarks;
			sourceTree = "<group>";
		};
		D84BCE5B2A0611DA005A21AA /* Preview Content */ = {
			isa = PBXGroup;
			children = (
				D84BCE5C2A0611DA005A21AA /* Preview Assets.xcassets */,
			);
			path = "Preview Content";
			sourceTree = "<group>";
		};
/* End PBXGroup section */

/* Begin PBXNativeTarget section */
		D84BCE512A0611D9005A21AA /* Landmarks */ = {
			isa = PBXNativeTarget;
			buildConfigurationList = D84BCE602A0611DA005A21AA /* Build configuration list for PBXNativeTarget "Landmarks" */;
			buildPhases = (
				D84BCE4E2A0611D9005A21AA /* Sources */,
				D84BCE4F2A0611D9005A21AA /* Frameworks */,
				D84BCE502A0611D9005A21AA /* Resources */,
			);
			buildRules = (
			);
			dependencies = (
			);
			name = Landmarks;
			productName = Landmarks;
			productReference = D84BCE522A0611D9005A21AA /* Landmarks.app */;
			productType = "com.apple.product-type.application";
		};
/* End PBXNativeTarget section */

/* Begin PBXProject section */
		D84BCE4A2A0611D9005A21AA /* Project object */ = {
			isa = PBXProject;
			attributes = {
				BuildIndependentTargetsInParallel = 1;
				LastSwiftUpdateCheck = 1410;
				LastUpgradeCheck = 1410;
				TargetAttributes = {
					D84BCE512A0611D9005A21AA = {
						CreatedOnToolsVersion = 14.1;
					};
				};
			};
			buildConfigurationList = D84BCE4D2A0611D9005A21AA /* Build configuration list for PBXProject "Landmarks" */;
			compatibilityVersion = "Xcode 14.0";
			developmentRegion = en;
			hasScannedForEncodings = 0;
			knownRegions = (
				en,
				Base,
			);
			mainGroup = D84BCE492A0611D9005A21AA;
			productRefGroup = D84BCE532A0611D9005A21AA /* Products */;
			projectDirPath = "";
			projectRoot = "";
			targets = (
				D84BCE512A0611D9005A21AA /* Landmarks */,
			);
		};
/* End PBXProject section */

/* Begin PBXResourcesBuildPhase section */
		D84BCE502A0611D9005A21AA /* Resources */ = {
			isa = PBXResourcesBuildPhase;
			buildActionMask = 2147483647;
			files = (
				D84BCE5D2A0611DA005A21AA /* Preview Assets.xcassets in Resources */,
				D84BCE5A2A0611DA005A21AA /* Assets.xcassets in Resources */,
				D8027DB92A09138D00F01C99 /* landmarkData.json in Resources */,
			);
			runOnlyForDeploymentPostprocessing = 0;
		};
/* End PBXResourcesBuildPhase section */

/* Begin PBXSourcesBuildPhase section */
		D84BCE4E2A0611D9005A21AA /* Sources */ = {
			isa = PBXSourcesBuildPhase;
			buildActionMask = 2147483647;
			files = (
				D84BCE582A0611D9005A21AA /* ContentView.swift in Sources */,
				D8EEEB7E2A0802380099C54B /* MapView.swift in Sources */,
				D84BCE562A0611D9005A21AA /* LandmarksApp.swift in Sources */,
				D8EEEB7C2A07FEF00099C54B /* CircleImage.swift in Sources */,
				D8027DBB2A09144C00F01C99 /* Landmark.swift in Sources */,
				D8027DC22A0B852700F01C99 /* LandmarkRow.swift in Sources */,
				D8027DBD2A0AA31400F01C99 /* ModelData.swift in Sources */,
			);
			runOnlyForDeploymentPostprocessing = 0;
		};
/* End PBXSourcesBuildPhase section */

/* Begin XCBuildConfiguration section */
		D84BCE5E2A0611DA005A21AA /* Debug */ = {
			isa = XCBuildConfiguration;
			buildSettings = {
				ALWAYS_SEARCH_USER_PATHS = NO;
				CLANG_ANALYZER_NONNULL = YES;
				CLANG_ANALYZER_NUMBER_OBJECT_CONVERSION = YES_AGGRESSIVE;
				CLANG_CXX_LANGUAGE_STANDARD = "gnu++20";
				CLANG_ENABLE_MODULES = YES;
				CLANG_ENABLE_OBJC_ARC = YES;
				CLANG_ENABLE_OBJC_WEAK = YES;
				CLANG_WARN_BLOCK_CAPTURE_AUTORELEASING = YES;
				CLANG_WARN_BOOL_CONVERSION = YES;
				CLANG_WARN_COMMA = YES;
				CLANG_WARN_CONSTANT_CONVERSION = YES;
				CLANG_WARN_DEPRECATED_OBJC_IMPLEMENTATIONS = YES;
				CLANG_WARN_DIRECT_OBJC_ISA_USAGE = YES_ERROR;
				CLANG_WARN_DOCUMENTATION_COMMENTS = YES;
				CLANG_WARN_EMPTY_BODY = YES;
				CLANG_WARN_ENUM_CONVERSION = YES;
				CLANG_WARN_INFINITE_RECURSION = YES;
				CLANG_WARN_INT_CONVERSION = YES;
				CLANG_WARN_NON_LITERAL_NULL_CONVERSION = YES;
				CLANG_WARN_OBJC_IMPLICIT_RETAIN_SELF = YES;
				CLANG_WARN_OBJC_LITERAL_CONVERSION = YES;
				CLANG_WARN_OBJC_ROOT_CLASS = YES_ERROR;
				CLANG_WARN_QUOTED_INCLUDE_IN_FRAMEWORK_HEADER = YES;
				CLANG_WARN_RANGE_LOOP_ANALYSIS = YES;
				CLANG_WARN_STRICT_PROTOTYPES = YES;
				CLANG_WARN_SUSPICIOUS_MOVE = YES;
				CLANG_WARN_UNGUARDED_AVAILABILITY = YES_AGGRESSIVE;
				CLANG_WARN_UNREACHABLE_CODE = YES;
				CLANG_WARN__DUPLICATE_METHOD_MATCH = YES;
				COPY_PHASE_STRIP = NO;
				DEBUG_INFORMATION_FORMAT = dwarf;
				ENABLE_STRICT_OBJC_MSGSEND = YES;
				ENABLE_TESTABILITY = YES;
				GCC_C_LANGUAGE_STANDARD = gnu11;
				GCC_DYNAMIC_NO_PIC = NO;
				GCC_NO_COMMON_BLOCKS = YES;
				GCC_OPTIMIZATION_LEVEL = 0;
				GCC_PREPROCESSOR_DEFINITIONS = (
					"DEBUG=1",
					"$(inherited)",
				);
				GCC_WARN_64_TO_32_BIT_CONVERSION = YES;
				GCC_WARN_ABOUT_RETURN_TYPE = YES_ERROR;
				GCC_WARN_UNDECLARED_SELECTOR = YES;
				GCC_WARN_UNINITIALIZED_AUTOS = YES_AGGRESSIVE;
				GCC_WARN_UNUSED_FUNCTION = YES;
				GCC_WARN_UNUSED_VARIABLE = YES;
				IPHONEOS_DEPLOYMENT_TARGET = 16.1;
				MTL_ENABLE_DEBUG_INFO = INCLUDE_SOURCE;
				MTL_FAST_MATH = YES;
				ONLY_ACTIVE_ARCH = YES;
				SDKROOT = iphoneos;
				SWIFT_ACTIVE_COMPILATION_CONDITIONS = DEBUG;
				SWIFT_OPTIMIZATION_LEVEL = "-Onone";
			};
			name = Debug;
		};
		D84BCE5F2A0611DA005A21AA /* Release */ = {
			isa = XCBuildConfiguration;
			buildSettings = {
				ALWAYS_SEARCH_USER_PATHS = NO;
				CLANG_ANALYZER_NONNULL = YES;
				CLANG_ANALYZER_NUMBER_OBJECT_CONVERSION = YES_AGGRESSIVE;
				CLANG_CXX_LANGUAGE_STANDARD = "gnu++20";
				CLANG_ENABLE_MODULES = YES;
				CLANG_ENABLE_OBJC_ARC = YES;
				CLANG_ENABLE_OBJC_WEAK = YES;
				CLANG_WARN_BLOCK_CAPTURE_AUTORELEASING = YES;
				CLANG_WARN_BOOL_CONVERSION = YES;
				CLANG_WARN_COMMA = YES;
				CLANG_WARN_CONSTANT_CONVERSION = YES;
				CLANG_WARN_DEPRECATED_OBJC_IMPLEMENTATIONS = YES;
				CLANG_WARN_DIRECT_OBJC_ISA_USAGE = YES_ERROR;
				CLANG_WARN_DOCUMENTATION_COMMENTS = YES;
				CLANG_WARN_EMPTY_BODY = YES;
				CLANG_WARN_ENUM_CONVERSION = YES;
				CLANG_WARN_INFINITE_RECURSION = YES;
				CLANG_WARN_INT_CONVERSION = YES;
				CLANG_WARN_NON_LITERAL_NULL_CONVERSION = YES;
				CLANG_WARN_OBJC_IMPLICIT_RETAIN_SELF = YES;
				CLANG_WARN_OBJC_LITERAL_CONVERSION = YES;
				CLANG_WARN_OBJC_ROOT_CLASS = YES_ERROR;
				CLANG_WARN_QUOTED_INCLUDE_IN_FRAMEWORK_HEADER = YES;
				CLANG_WARN_RANGE_LOOP_ANALYSIS = YES;
				CLANG_WARN_STRICT_PROTOTYPES = YES;
				CLANG_WARN_SUSPICIOUS_MOVE = YES;
				CLANG_WARN_UNGUARDED_AVAILABILITY = YES_AGGRESSIVE;
				CLANG_WARN_UNREACHABLE_CODE = YES;
				CLANG_WARN__DUPLICATE_METHOD_MATCH = YES;
				COPY_PHASE_STRIP = NO;
				DEBUG_INFORMATION_FORMAT = "dwarf-with-dsym";
				ENABLE_NS_ASSERTIONS = NO;
				ENABLE_STRICT_OBJC_MSGSEND = YES;
				GCC_C_LANGUAGE_STANDARD = gnu11;
				GCC_NO_COMMON_BLOCKS = YES;
				GCC_WARN_64_TO_32_BIT_CONVERSION = YES;
				GCC_WARN_ABOUT_RETURN_TYPE = YES_ERROR;
				GCC_WARN_UNDECLARED_SELECTOR = YES;
				GCC_WARN_UNINITIALIZED_AUTOS = YES_AGGRESSIVE;
				GCC_WARN_UNUSED_FUNCTION = YES;
				GCC_WARN_UNUSED_VARIABLE = YES;
				IPHONEOS_DEPLOYMENT_TARGET = 16.1;
				MTL_ENABLE_DEBUG_INFO = NO;
				MTL_FAST_MATH = YES;
				SDKROOT = iphoneos;
				SWIFT_COMPILATION_MODE = wholemodule;
				SWIFT_OPTIMIZATION_LEVEL = "-O";
				VALIDATE_PRODUCT = YES;
			};
			name = Release;
		};
		D84BCE612A0611DA005A21AA /* Debug */ = {
			isa = XCBuildConfiguration;
			buildSettings = {
				ASSETCATALOG_COMPILER_APPICON_NAME = AppIcon;
				ASSETCATALOG_COMPILER_GLOBAL_ACCENT_COLOR_NAME = AccentColor;
				CODE_SIGN_STYLE = Automatic;
				CURRENT_PROJECT_VERSION = 1;
				DEVELOPMENT_ASSET_PATHS = "\"Landmarks/Preview Content\"";
				ENABLE_PREVIEWS = YES;
				GENERATE_INFOPLIST_FILE = YES;
				INFOPLIST_KEY_UIApplicationSceneManifest_Generation = YES;
				INFOPLIST_KEY_UIApplicationSupportsIndirectInputEvents = YES;
				INFOPLIST_KEY_UILaunchScreen_Generation = YES;
				INFOPLIST_KEY_UISupportedInterfaceOrientations_iPad = "UIInterfaceOrientationPortrait UIInterfaceOrientationPortraitUpsideDown UIInterfaceOrientationLandscapeLeft UIInterfaceOrientationLandscapeRight";
				INFOPLIST_KEY_UISupportedInterfaceOrientations_iPhone = "UIInterfaceOrientationPortrait UIInterfaceOrientationLandscapeLeft UIInterfaceOrientationLandscapeRight";
				LD_RUNPATH_SEARCH_PATHS = (
					"$(inherited)",
					"@executable_path/Frameworks",
				);
				MARKETING_VERSION = 1.0;
				PRODUCT_BUNDLE_IDENTIFIER = codebox.Landmarks;
				PRODUCT_NAME = "$(TARGET_NAME)";
				SWIFT_EMIT_LOC_STRINGS = YES;
				SWIFT_VERSION = 5.0;
				TARGETED_DEVICE_FAMILY = "1,2";
			};
			name = Debug;
		};
		D84BCE622A0611DA005A21AA /* Release */ = {
			isa = XCBuildConfiguration;
			buildSettings = {
				ASSETCATALOG_COMPILER_APPICON_NAME = AppIcon;
				ASSETCATALOG_COMPILER_GLOBAL_ACCENT_COLOR_NAME = AccentColor;
				CODE_SIGN_STYLE = Automatic;
				CURRENT_PROJECT_VERSION = 1;
				DEVELOPMENT_ASSET_PATHS = "\"Landmarks/Preview Content\"";
				ENABLE_PREVIEWS = YES;
				GENERATE_INFOPLIST_FILE = YES;
				INFOPLIST_KEY_UIApplicationSceneManifest_Generation = YES;
				INFOPLIST_KEY_UIApplicationSupportsIndirectInputEvents = YES;
				INFOPLIST_KEY_UILaunchScreen_Generation = YES;
				INFOPLIST_KEY_UISupportedInterfaceOrientations_iPad = "UIInterfaceOrientationPortrait UIInterfaceOrientationPortraitUpsideDown UIInterfaceOrientationLandscapeLeft UIInterfaceOrientationLandscapeRight";
				INFOPLIST_KEY_UISupportedInterfaceOrientations_iPhone = "UIInterfaceOrientationPortrait UIInterfaceOrientationLandscapeLeft UIInterfaceOrientationLandscapeRight";
				LD_RUNPATH_SEARCH_PATHS = (
					"$(inherited)",
					"@executable_path/Frameworks",
				);
				MARKETING_VERSION = 1.0;
				PRODUCT_BUNDLE_IDENTIFIER = codebox.Landmarks;
				PRODUCT_NAME = "$(TARGET_NAME)";
				SWIFT_EMIT_LOC_STRINGS = YES;
				SWIFT_VERSION = 5.0;
				TARGETED_DEVICE_FAMILY = "1,2";
			};
			name = Release;
		};
/* End XCBuildConfiguration section */

/* Begin XCConfigurationList section */
		D84BCE4D2A0611D9005A21AA /* Build configuration list for PBXProject "Landmarks" */ = {
			isa = XCConfigurationList;
			buildConfigurations = (
				D84BCE5E2A0611DA005A21AA /* Debug */,
				D84BCE5F2A0611DA005A21AA /* Release */,
			);
			defaultConfigurationIsVisible = 0;
			defaultConfigurationName = Release;
		};
		D84BCE602A0611DA005A21AA /* Build configuration list for PBXNativeTarget "Landmarks" */ = {
			isa = XCConfigurationList;
			buildConfigurations = (
				D84BCE612A0611DA005A21AA /* Debug */,
				D84BCE622A0611DA005A21AA /* Release */,
			);
			defaultConfigurationIsVisible = 0;
			defaultConfigurationName = Release;
		};
/* End XCConfigurationList section */
	};
	rootObject = D84BCE4A2A0611D9005A21AA /* Project object */;
}
